// !$*UTF8*$!
{
	archiveVersion = 1;
	classes = {
	};
	objectVersion = 50;
	objects = {

/* Begin PBXBuildFile section */
		3C453DA72148F37A00140FBB /* AppDelegate.swift in Sources */ = {isa = PBXBuildFile; fileRef = 3C453DA62148F37A00140FBB /* AppDelegate.swift */; };
		3C453DA92148F37A00140FBB /* ViewController.swift in Sources */ = {isa = PBXBuildFile; fileRef = 3C453DA82148F37A00140FBB /* ViewController.swift */; };
		3C453DAC2148F37A00140FBB /* Main.storyboard in Resources */ = {isa = PBXBuildFile; fileRef = 3C453DAA2148F37A00140FBB /* Main.storyboard */; };
		3C453DAE2148F37A00140FBB /* Assets.xcassets in Resources */ = {isa = PBXBuildFile; fileRef = 3C453DAD2148F37A00140FBB /* Assets.xcassets */; };
		3C453DB12148F37A00140FBB /* LaunchScreen.storyboard in Resources */ = {isa = PBXBuildFile; fileRef = 3C453DAF2148F37A00140FBB /* LaunchScreen.storyboard */; };
		3C453DBC2148F37B00140FBB /* GuessAppTests.swift in Sources */ = {isa = PBXBuildFile; fileRef = 3C453DBB2148F37B00140FBB /* GuessAppTests.swift */; };
		3C453DC72148F37B00140FBB /* GuessAppUITests.swift in Sources */ = {isa = PBXBuildFile; fileRef = 3C453DC62148F37B00140FBB /* GuessAppUITests.swift */; };
/* End PBXBuildFile section */

/* Begin PBXContainerItemProxy section */
		3C453DB82148F37A00140FBB /* PBXContainerItemProxy */ = {
			isa = PBXContainerItemProxy;
			containerPortal = 3C453D9B2148F37A00140FBB /* Project object */;
			proxyType = 1;
			remoteGlobalIDString = 3C453DA22148F37A00140FBB;
			remoteInfo = GuessApp;
		};
		3C453DC32148F37B00140FBB /* PBXContainerItemProxy */ = {
			isa = PBXContainerItemProxy;
			containerPortal = 3C453D9B2148F37A00140FBB /* Project object */;
			proxyType = 1;
			remoteGlobalIDString = 3C453DA22148F37A00140FBB;
			remoteInfo = GuessApp;
		};
/* End PBXContainerItemProxy section */

/* Begin PBXFileReference section */
		3C453DA32148F37A00140FBB /* GuessApp.app */ = {isa = PBXFileReference; explicitFileType = wrapper.application; includeInIndex = 0; path = GuessApp.app; sourceTree = BUILT_PRODUCTS_DIR; };
		3C453DA62148F37A00140FBB /* AppDelegate.swift */ = {isa = PBXFileReference; lastKnownFileType = sourcecode.swift; path = AppDelegate.swift; sourceTree = "<group>"; };
		3C453DA82148F37A00140FBB /* ViewController.swift */ = {isa = PBXFileReference; lastKnownFileType = sourcecode.swift; path = ViewController.swift; sourceTree = "<group>"; };
		3C453DAB2148F37A00140FBB /* Base */ = {isa = PBXFileReference; lastKnownFileType = file.storyboard; name = Base; path = Base.lproj/Main.storyboard; sourceTree = "<group>"; };
		3C453DAD2148F37A00140FBB /* Assets.xcassets */ = {isa = PBXFileReference; lastKnownFileType = folder.assetcatalog; path = Assets.xcassets; sourceTree = "<group>"; };
		3C453DB02148F37A00140FBB /* Base */ = {isa = PBXFileReference; lastKnownFileType = file.storyboard; name = Base; path = Base.lproj/LaunchScreen.storyboard; sourceTree = "<group>"; };
		3C453DB22148F37A00140FBB /* Info.plist */ = {isa = PBXFileReference; lastKnownFileType = text.plist.xml; path = Info.plist; sourceTree = "<group>"; };
		3C453DB72148F37A00140FBB /* GuessAppTests.xctest */ = {isa = PBXFileReference; explicitFileType = wrapper.cfbundle; includeInIndex = 0; path = GuessAppTests.xctest; sourceTree = BUILT_PRODUCTS_DIR; };
		3C453DBB2148F37B00140FBB /* GuessAppTests.swift */ = {isa = PBXFileReference; lastKnownFileType = sourcecode.swift; path = GuessAppTests.swift; sourceTree = "<group>"; };
		3C453DBD2148F37B00140FBB /* Info.plist */ = {isa = PBXFileReference; lastKnownFileType = text.plist.xml; path = Info.plist; sourceTree = "<group>"; };
		3C453DC22148F37B00140FBB /* GuessAppUITests.xctest */ = {isa = PBXFileReference; explicitFileType = wrapper.cfbundle; includeInIndex = 0; path = GuessAppUITests.xctest; sourceTree = BUILT_PRODUCTS_DIR; };
		3C453DC62148F37B00140FBB /* GuessAppUITests.swift */ = {isa = PBXFileReference; lastKnownFileType = sourcecode.swift; path = GuessAppUITests.swift; sourceTree = "<group>"; };
		3C453DC82148F37B00140FBB /* Info.plist */ = {isa = PBXFileReference; lastKnownFileType = text.plist.xml; path = Info.plist; sourceTree = "<group>"; };
/* End PBXFileReference section */

/* Begin PBXFrameworksBuildPhase section */
		3C453DA02148F37A00140FBB /* Frameworks */ = {
			isa = PBXFrameworksBuildPhase;
			buildActionMask = 2147483647;
			files = (
			);
			runOnlyForDeploymentPostprocessing = 0;
		};
		3C453DB42148F37A00140FBB /* Frameworks */ = {
			isa = PBXFrameworksBuildPhase;
			buildActionMask = 2147483647;
			files = (
			);
			runOnlyForDeploymentPostprocessing = 0;
		};
		3C453DBF2148F37B00140FBB /* Frameworks */ = {
			isa = PBXFrameworksBuildPhase;
			buildActionMask = 2147483647;
			files = (
			);
			runOnlyForDeploymentPostprocessing = 0;
		};
/* End PBXFrameworksBuildPhase section */

/* Begin PBXGroup section */
		3C453D9A2148F37A00140FBB = {
			isa = PBXGroup;
			children = (
				3C453DA52148F37A00140FBB /* GuessApp */,
				3C453DBA2148F37A00140FBB /* GuessAppTests */,
				3C453DC52148F37B00140FBB /* GuessAppUITests */,
				3C453DA42148F37A00140FBB /* Products */,
			);
			sourceTree = "<group>";
		};
		3C453DA42148F37A00140FBB /* Products */ = {
			isa = PBXGroup;
			children = (
				3C453DA32148F37A00140FBB /* GuessApp.app */,
				3C453DB72148F37A00140FBB /* GuessAppTests.xctest */,
				3C453DC22148F37B00140FBB /* GuessAppUITests.xctest */,
			);
			name = Products;
			sourceTree = "<group>";
		};
		3C453DA52148F37A00140FBB /* GuessApp */ = {
			isa = PBXGroup;
			children = (
				3C453DA62148F37A00140FBB /* AppDelegate.swift */,
				3C453DA82148F37A00140FBB /* ViewController.swift */,
				3C453DAA2148F37A00140FBB /* Main.storyboard */,
				3C453DAD2148F37A00140FBB /* Assets.xcassets */,
				3C453DAF2148F37A00140FBB /* LaunchScreen.storyboard */,
				3C453DB22148F37A00140FBB /* Info.plist */,
			);
			path = GuessApp;
			sourceTree = "<group>";
		};
		3C453DBA2148F37A00140FBB /* GuessAppTests */ = {
			isa = PBXGroup;
			children = (
				3C453DBB2148F37B00140FBB /* GuessAppTests.swift */,
				3C453DBD2148F37B00140FBB /* Info.plist */,
			);
			path = GuessAppTests;
			sourceTree = "<group>";
		};
		3C453DC52148F37B00140FBB /* GuessAppUITests */ = {
			isa = PBXGroup;
			children = (
				3C453DC62148F37B00140FBB /* GuessAppUITests.swift */,
				3C453DC82148F37B00140FBB /* Info.plist */,
			);
			path = GuessAppUITests;
			sourceTree = "<group>";
		};
/* End PBXGroup section */

/* Begin PBXNativeTarget section */
		3C453DA22148F37A00140FBB /* GuessApp */ = {
			isa = PBXNativeTarget;
			buildConfigurationList = 3C453DCB2148F37B00140FBB /* Build configuration list for PBXNativeTarget "GuessApp" */;
			buildPhases = (
				3C453D9F2148F37A00140FBB /* Sources */,
				3C453DA02148F37A00140FBB /* Frameworks */,
				3C453DA12148F37A00140FBB /* Resources */,
			);
			buildRules = (
			);
			dependencies = (
			);
			name = GuessApp;
			productName = GuessApp;
			productReference = 3C453DA32148F37A00140FBB /* GuessApp.app */;
			productType = "com.apple.product-type.application";
		};
		3C453DB62148F37A00140FBB /* GuessAppTests */ = {
			isa = PBXNativeTarget;
			buildConfigurationList = 3C453DCE2148F37B00140FBB /* Build configuration list for PBXNativeTarget "GuessAppTests" */;
			buildPhases = (
				3C453DB32148F37A00140FBB /* Sources */,
				3C453DB42148F37A00140FBB /* Frameworks */,
				3C453DB52148F37A00140FBB /* Resources */,
			);
			buildRules = (
			);
			dependencies = (
				3C453DB92148F37A00140FBB /* PBXTargetDependency */,
			);
			name = GuessAppTests;
			productName = GuessAppTests;
			productReference = 3C453DB72148F37A00140FBB /* GuessAppTests.xctest */;
			productType = "com.apple.product-type.bundle.unit-test";
		};
		3C453DC12148F37B00140FBB /* GuessAppUITests */ = {
			isa = PBXNativeTarget;
			buildConfigurationList = 3C453DD12148F37B00140FBB /* Build configuration list for PBXNativeTarget "GuessAppUITests" */;
			buildPhases = (
				3C453DBE2148F37B00140FBB /* Sources */,
				3C453DBF2148F37B00140FBB /* Frameworks */,
				3C453DC02148F37B00140FBB /* Resources */,
			);
			buildRules = (
			);
			dependencies = (
				3C453DC42148F37B00140FBB /* PBXTargetDependency */,
			);
			name = GuessAppUITests;
			productName = GuessAppUITests;
			productReference = 3C453DC22148F37B00140FBB /* GuessAppUITests.xctest */;
			productType = "com.apple.product-type.bundle.ui-testing";
		};
/* End PBXNativeTarget section */

/* Begin PBXProject section */
		3C453D9B2148F37A00140FBB /* Project object */ = {
			isa = PBXProject;
			attributes = {
				LastSwiftUpdateCheck = 0940;
				LastUpgradeCheck = 0940;
				ORGANIZATIONNAME = "thamer brother";
				TargetAttributes = {
					3C453DA22148F37A00140FBB = {
						CreatedOnToolsVersion = 9.4.1;
					};
					3C453DB62148F37A00140FBB = {
						CreatedOnToolsVersion = 9.4.1;
						TestTargetID = 3C453DA22148F37A00140FBB;
					};
					3C453DC12148F37B00140FBB = {
						CreatedOnToolsVersion = 9.4.1;
						TestTargetID = 3C453DA22148F37A00140FBB;
					};
				};
			};
			buildConfigurationList = 3C453D9E2148F37A00140FBB /* Build configuration list for PBXProject "GuessApp" */;
			compatibilityVersion = "Xcode 9.3";
			developmentRegion = en;
			hasScannedForEncodings = 0;
			knownRegions = (
				en,
				Base,
			);
			mainGroup = 3C453D9A2148F37A00140FBB;
			productRefGroup = 3C453DA42148F37A00140FBB /* Products */;
			projectDirPath = "";
			projectRoot = "";
			targets = (
				3C453DA22148F37A00140FBB /* GuessApp */,
				3C453DB62148F37A00140FBB /* GuessAppTests */,
				3C453DC12148F37B00140FBB /* GuessAppUITests */,
			);
		};
/* End PBXProject section */

/* Begin PBXResourcesBuildPhase section */
		3C453DA12148F37A00140FBB /* Resources */ = {
			isa = PBXResourcesBuildPhase;
			buildActionMask = 2147483647;
			files = (
				3C453DB12148F37A00140FBB /* LaunchScreen.storyboard in Resources */,
				3C453DAE2148F37A00140FBB /* Assets.xcassets in Resources */,
				3C453DAC2148F37A00140FBB /* Main.storyboard in Resources */,
			);
			runOnlyForDeploymentPostprocessing = 0;
		};
		3C453DB52148F37A00140FBB /* Resources */ = {
			isa = PBXResourcesBuildPhase;
			buildActionMask = 2147483647;
			files = (
			);
			runOnlyForDeploymentPostprocessing = 0;
		};
		3C453DC02148F37B00140FBB /* Resources */ = {
			isa = PBXResourcesBuildPhase;
			buildActionMask = 2147483647;
			files = (
			);
			runOnlyForDeploymentPostprocessing = 0;
		};
/* End PBXResourcesBuildPhase section */

/* Begin PBXSourcesBuildPhase section */
		3C453D9F2148F37A00140FBB /* Sources */ = {
			isa = PBXSourcesBuildPhase;
			buildActionMask = 2147483647;
			files = (
				3C453DA92148F37A00140FBB /* ViewController.swift in Sources */,
				3C453DA72148F37A00140FBB /* AppDelegate.swift in Sources */,
			);
			runOnlyForDeploymentPostprocessing = 0;
		};
		3C453DB32148F37A00140FBB /* Sources */ = {
			isa = PBXSourcesBuildPhase;
			buildActionMask = 2147483647;
			files = (
				3C453DBC2148F37B00140FBB /* GuessAppTests.swift in Sources */,
			);
			runOnlyForDeploymentPostprocessing = 0;
		};
		3C453DBE2148F37B00140FBB /* Sources */ = {
			isa = PBXSourcesBuildPhase;
			buildActionMask = 2147483647;
			files = (
				3C453DC72148F37B00140FBB /* GuessAppUITests.swift in Sources */,
			);
			runOnlyForDeploymentPostprocessing = 0;
		};
/* End PBXSourcesBuildPhase section */

/* Begin PBXTargetDependency section */
		3C453DB92148F37A00140FBB /* PBXTargetDependency */ = {
			isa = PBXTargetDependency;
			target = 3C453DA22148F37A00140FBB /* GuessApp */;
			targetProxy = 3C453DB82148F37A00140FBB /* PBXContainerItemProxy */;
		};
		3C453DC42148F37B00140FBB /* PBXTargetDependency */ = {
			isa = PBXTargetDependency;
			target = 3C453DA22148F37A00140FBB /* GuessApp */;
			targetProxy = 3C453DC32148F37B00140FBB /* PBXContainerItemProxy */;
		};
/* End PBXTargetDependency section */

/* Begin PBXVariantGroup section */
		3C453DAA2148F37A00140FBB /* Main.storyboard */ = {
			isa = PBXVariantGroup;
			children = (
				3C453DAB2148F37A00140FBB /* Base */,
			);
			name = Main.storyboard;
			sourceTree = "<group>";
		};
		3C453DAF2148F37A00140FBB /* LaunchScreen.storyboard */ = {
			isa = PBXVariantGroup;
			children = (
				3C453DB02148F37A00140FBB /* Base */,
			);
			name = LaunchScreen.storyboard;
			sourceTree = "<group>";
		};
/* End PBXVariantGroup section */

/* Begin XCBuildConfiguration section */
		3C453DC92148F37B00140FBB /* Debug */ = {
			isa = XCBuildConfiguration;
			buildSettings = {
				ALWAYS_SEARCH_USER_PATHS = NO;
				CLANG_ANALYZER_NONNULL = YES;
				CLANG_ANALYZER_NUMBER_OBJECT_CONVERSION = YES_AGGRESSIVE;
				CLANG_CXX_LANGUAGE_STANDARD = "gnu++14";
				CLANG_CXX_LIBRARY = "libc++";
				CLANG_ENABLE_MODULES = YES;
				CLANG_ENABLE_OBJC_ARC = YES;
				CLANG_ENABLE_OBJC_WEAK = YES;
				CLANG_WARN_BLOCK_CAPTURE_AUTORELEASING = YES;
				CLANG_WARN_BOOL_CONVERSION = YES;
				CLANG_WARN_COMMA = YES;
				CLANG_WARN_CONSTANT_CONVERSION = YES;
				CLANG_WARN_DEPRECATED_OBJC_IMPLEMENTATIONS = YES;
				CLANG_WARN_DIRECT_OBJC_ISA_USAGE = YES_ERROR;
				CLANG_WARN_DOCUMENTATION_COMMENTS = YES;
				CLANG_WARN_EMPTY_BODY = YES;
				CLANG_WARN_ENUM_CONVERSION = YES;
				CLANG_WARN_INFINITE_RECURSION = YES;
				CLANG_WARN_INT_CONVERSION = YES;
				CLANG_WARN_NON_LITERAL_NULL_CONVERSION = YES;
				CLANG_WARN_OBJC_IMPLICIT_RETAIN_SELF = YES;
				CLANG_WARN_OBJC_LITERAL_CONVERSION = YES;
				CLANG_WARN_OBJC_ROOT_CLASS = YES_ERROR;
				CLANG_WARN_RANGE_LOOP_ANALYSIS = YES;
				CLANG_WARN_STRICT_PROTOTYPES = YES;
				CLANG_WARN_SUSPICIOUS_MOVE = YES;
				CLANG_WARN_UNGUARDED_AVAILABILITY = YES_AGGRESSIVE;
				CLANG_WARN_UNREACHABLE_CODE = YES;
				CLANG_WARN__DUPLICATE_METHOD_MATCH = YES;
				CODE_SIGN_IDENTITY = "iPhone Developer";
				COPY_PHASE_STRIP = NO;
				DEBUG_INFORMATION_FORMAT = dwarf;
				ENABLE_STRICT_OBJC_MSGSEND = YES;
				ENABLE_TESTABILITY = YES;
				GCC_C_LANGUAGE_STANDARD = gnu11;
				GCC_DYNAMIC_NO_PIC = NO;
				GCC_NO_COMMON_BLOCKS = YES;
				GCC_OPTIMIZATION_LEVEL = 0;
				GCC_PREPROCESSOR_DEFINITIONS = (
					"DEBUG=1",
					"$(inherited)",
				);
				GCC_WARN_64_TO_32_BIT_CONVERSION = YES;
				GCC_WARN_ABOUT_RETURN_TYPE = YES_ERROR;
				GCC_WARN_UNDECLARED_SELECTOR = YES;
				GCC_WARN_UNINITIALIZED_AUTOS = YES_AGGRESSIVE;
				GCC_WARN_UNUSED_FUNCTION = YES;
				GCC_WARN_UNUSED_VARIABLE = YES;
				IPHONEOS_DEPLOYMENT_TARGET = 11.4;
				MTL_ENABLE_DEBUG_INFO = YES;
				ONLY_ACTIVE_ARCH = YES;
				SDKROOT = iphoneos;
				SWIFT_ACTIVE_COMPILATION_CONDITIONS = DEBUG;
				SWIFT_OPTIMIZATION_LEVEL = "-Onone";
			};
			name = Debug;
		};
		3C453DCA2148F37B00140FBB /* Release */ = {
			isa = XCBuildConfiguration;
			buildSettings = {
				ALWAYS_SEARCH_USER_PATHS = NO;
				CLANG_ANALYZER_NONNULL = YES;
				CLANG_ANALYZER_NUMBER_OBJECT_CONVERSION = YES_AGGRESSIVE;
				CLANG_CXX_LANGUAGE_STANDARD = "gnu++14";
				CLANG_CXX_LIBRARY = "libc++";
				CLANG_ENABLE_MODULES = YES;
				CLANG_ENABLE_OBJC_ARC = YES;
				CLANG_ENABLE_OBJC_WEAK = YES;
				CLANG_WARN_BLOCK_CAPTURE_AUTORELEASING = YES;
				CLANG_WARN_BOOL_CONVERSION = YES;
				CLANG_WARN_COMMA = YES;
				CLANG_WARN_CONSTANT_CONVERSION = YES;
				CLANG_WARN_DEPRECATED_OBJC_IMPLEMENTATIONS = YES;
				CLANG_WARN_DIRECT_OBJC_ISA_USAGE = YES_ERROR;
				CLANG_WARN_DOCUMENTATION_COMMENTS = YES;
				CLANG_WARN_EMPTY_BODY = YES;
				CLANG_WARN_ENUM_CONVERSION = YES;
				CLANG_WARN_INFINITE_RECURSION = YES;
				CLANG_WARN_INT_CONVERSION = YES;
				CLANG_WARN_NON_LITERAL_NULL_CONVERSION = YES;
				CLANG_WARN_OBJC_IMPLICIT_RETAIN_SELF = YES;
				CLANG_WARN_OBJC_LITERAL_CONVERSION = YES;
				CLANG_WARN_OBJC_ROOT_CLASS = YES_ERROR;
				CLANG_WARN_RANGE_LOOP_ANALYSIS = YES;
				CLANG_WARN_STRICT_PROTOTYPES = YES;
				CLANG_WARN_SUSPICIOUS_MOVE = YES;
				CLANG_WARN_UNGUARDED_AVAILABILITY = YES_AGGRESSIVE;
				CLANG_WARN_UNREACHABLE_CODE = YES;
				CLANG_WARN__DUPLICATE_METHOD_MATCH = YES;
				CODE_SIGN_IDENTITY = "iPhone Developer";
				COPY_PHASE_STRIP = NO;
				DEBUG_INFORMATION_FORMAT = "dwarf-with-dsym";
				ENABLE_NS_ASSERTIONS = NO;
				ENABLE_STRICT_OBJC_MSGSEND = YES;
				GCC_C_LANGUAGE_STANDARD = gnu11;
				GCC_NO_COMMON_BLOCKS = YES;
				GCC_WARN_64_TO_32_BIT_CONVERSION = YES;
				GCC_WARN_ABOUT_RETURN_TYPE = YES_ERROR;
				GCC_WARN_UNDECLARED_SELECTOR = YES;
				GCC_WARN_UNINITIALIZED_AUTOS = YES_AGGRESSIVE;
				GCC_WARN_UNUSED_FUNCTION = YES;
				GCC_WARN_UNUSED_VARIABLE = YES;
				IPHONEOS_DEPLOYMENT_TARGET = 11.4;
				MTL_ENABLE_DEBUG_INFO = NO;
				SDKROOT = iphoneos;
				SWIFT_COMPILATION_MODE = wholemodule;
				SWIFT_OPTIMIZATION_LEVEL = "-O";
				VALIDATE_PRODUCT = YES;
			};
			name = Release;
		};
		3C453DCC2148F37B00140FBB /* Debug */ = {
			isa = XCBuildConfiguration;
			buildSettings = {
				ASSETCATALOG_COMPILER_APPICON_NAME = AppIcon;
				CODE_SIGN_STYLE = Automatic;
				INFOPLIST_FILE = GuessApp/Info.plist;
				LD_RUNPATH_SEARCH_PATHS = (
					"$(inherited)",
					"@executable_path/Frameworks",
				);
				PRODUCT_BUNDLE_IDENTIFIER = thamer.GuessApp;
				PRODUCT_NAME = "$(TARGET_NAME)";
				SWIFT_VERSION = 4.0;
				TARGETED_DEVICE_FAMILY = "1,2";
			};
			name = Debug;
		};
		3C453DCD2148F37B00140FBB /* Release */ = {
			isa = XCBuildConfiguration;
			buildSettings = {
				ASSETCATALOG_COMPILER_APPICON_NAME = AppIcon;
				CODE_SIGN_STYLE = Automatic;
				INFOPLIST_FILE = GuessApp/Info.plist;
				LD_RUNPATH_SEARCH_PATHS = (
					"$(inherited)",
					"@executable_path/Frameworks",
				);
				PRODUCT_BUNDLE_IDENTIFIER = thamer.GuessApp;
				PRODUCT_NAME = "$(TARGET_NAME)";
				SWIFT_VERSION = 4.0;
				TARGETED_DEVICE_FAMILY = "1,2";
			};
			name = Release;
		};
		3C453DCF2148F37B00140FBB /* Debug */ = {
			isa = XCBuildConfiguration;
			buildSettings = {
				ALWAYS_EMBED_SWIFT_STANDARD_LIBRARIES = YES;
				BUNDLE_LOADER = "$(TEST_HOST)";
				CODE_SIGN_STYLE = Automatic;
				INFOPLIST_FILE = GuessAppTests/Info.plist;
				LD_RUNPATH_SEARCH_PATHS = (
					"$(inherited)",
					"@executable_path/Frameworks",
					"@loader_path/Frameworks",
				);
				PRODUCT_BUNDLE_IDENTIFIER = thamer.GuessAppTests;
				PRODUCT_NAME = "$(TARGET_NAME)";
				SWIFT_VERSION = 4.0;
				TARGETED_DEVICE_FAMILY = "1,2";
				TEST_HOST = "$(BUILT_PRODUCTS_DIR)/GuessApp.app/GuessApp";
			};
			name = Debug;
		};
		3C453DD02148F37B00140FBB /* Release */ = {
			isa = XCBuildConfiguration;
			buildSettings = {
				ALWAYS_EMBED_SWIFT_STANDARD_LIBRARIES = YES;
				BUNDLE_LOADER = "$(TEST_HOST)";
				CODE_SIGN_STYLE = Automatic;
				INFOPLIST_FILE = GuessAppTests/Info.plist;
				LD_RUNPATH_SEARCH_PATHS = (
					"$(inherited)",
					"@executable_path/Frameworks",
					"@loader_path/Frameworks",
				);
				PRODUCT_BUNDLE_IDENTIFIER = thamer.GuessAppTests;
				PRODUCT_NAME = "$(TARGET_NAME)";
				SWIFT_VERSION = 4.0;
				TARGETED_DEVICE_FAMILY = "1,2";
				TEST_HOST = "$(BUILT_PRODUCTS_DIR)/GuessApp.app/GuessApp";
			};
			name = Release;
		};
		3C453DD22148F37B00140FBB /* Debug */ = {
			isa = XCBuildConfiguration;
			buildSettings = {
				ALWAYS_EMBED_SWIFT_STANDARD_LIBRARIES = YES;
				CODE_SIGN_STYLE = Automatic;
				INFOPLIST_FILE = GuessAppUITests/Info.plist;
				LD_RUNPATH_SEARCH_PATHS = (
					"$(inherited)",
					"@executable_path/Frameworks",
					"@loader_path/Frameworks",
				);
				PRODUCT_BUNDLE_IDENTIFIER = thamer.GuessAppUITests;
				PRODUCT_NAME = "$(TARGET_NAME)";
				SWIFT_VERSION = 4.0;
				TARGETED_DEVICE_FAMILY = "1,2";
				TEST_TARGET_NAME = GuessApp;
			};
			name = Debug;
		};
		3C453DD32148F37B00140FBB /* Release */ = {
			isa = XCBuildConfiguration;
			buildSettings = {
				ALWAYS_EMBED_SWIFT_STANDARD_LIBRARIES = YES;
				CODE_SIGN_STYLE = Automatic;
				INFOPLIST_FILE = GuessAppUITests/Info.plist;
				LD_RUNPATH_SEARCH_PATHS = (
					"$(inherited)",
					"@executable_path/Frameworks",
					"@loader_path/Frameworks",
				);
				PRODUCT_BUNDLE_IDENTIFIER = thamer.GuessAppUITests;
				PRODUCT_NAME = "$(TARGET_NAME)";
				SWIFT_VERSION = 4.0;
				TARGETED_DEVICE_FAMILY = "1,2";
				TEST_TARGET_NAME = GuessApp;
			};
			name = Release;
		};
/* End XCBuildConfiguration section */

/* Begin XCConfigurationList section */
		3C453D9E2148F37A00140FBB /* Build configuration list for PBXProject "GuessApp" */ = {
			isa = XCConfigurationList;
			buildConfigurations = (
				3C453DC92148F37B00140FBB /* Debug */,
				3C453DCA2148F37B00140FBB /* Release */,
			);
			defaultConfigurationIsVisible = 0;
			defaultConfigurationName = Release;
		};
		3C453DCB2148F37B00140FBB /* Build configuration list for PBXNativeTarget "GuessApp" */ = {
			isa = XCConfigurationList;
			buildConfigurations = (
				3C453DCC2148F37B00140FBB /* Debug */,
				3C453DCD2148F37B00140FBB /* Release */,
			);
			defaultConfigurationIsVisible = 0;
			defaultConfigurationName = Release;
		};
		3C453DCE2148F37B00140FBB /* Build configuration list for PBXNativeTarget "GuessAppTests" */ = {
			isa = XCConfigurationList;
			buildConfigurations = (
				3C453DCF2148F37B00140FBB /* Debug */,
				3C453DD02148F37B00140FBB /* Release */,
			);
			defaultConfigurationIsVisible = 0;
			defaultConfigurationName = Release;
		};
		3C453DD12148F37B00140FBB /* Build configuration list for PBXNativeTarget "GuessAppUITests" */ = {
			isa = XCConfigurationList;
			buildConfigurations = (
				3C453DD22148F37B00140FBB /* Debug */,
				3C453DD32148F37B00140FBB /* Release */,
			);
			defaultConfigurationIsVisible = 0;
			defaultConfigurationName = Release;
		};
/* End XCConfigurationList section */
	};
	rootObject = 3C453D9B2148F37A00140FBB /* Project object */;
}
